// !$*UTF8*$!
{
	archiveVersion = 1;
	classes = {
	};
	objectVersion = 46;
	objects = {

/* Begin PBXBuildFile section */
		ABE3F41A1DDF405800934F81 /* main.m in Sources */ = {isa = PBXBuildFile; fileRef = ABE3F4191DDF405800934F81 /* main.m */; };
		ABE3F41D1DDF405800934F81 /* AppDelegate.m in Sources */ = {isa = PBXBuildFile; fileRef = ABE3F41C1DDF405800934F81 /* AppDelegate.m */; };
		ABE3F4201DDF405800934F81 /* ViewController.m in Sources */ = {isa = PBXBuildFile; fileRef = ABE3F41F1DDF405800934F81 /* ViewController.m */; };
		ABE3F4231DDF405800934F81 /* Main.storyboard in Resources */ = {isa = PBXBuildFile; fileRef = ABE3F4211DDF405800934F81 /* Main.storyboard */; };
		ABE3F4251DDF405800934F81 /* Assets.xcassets in Resources */ = {isa = PBXBuildFile; fileRef = ABE3F4241DDF405800934F81 /* Assets.xcassets */; };
		ABE3F4281DDF405800934F81 /* LaunchScreen.storyboard in Resources */ = {isa = PBXBuildFile; fileRef = ABE3F4261DDF405800934F81 /* LaunchScreen.storyboard */; };
		ABE3F4331DDF405800934F81 /* CL_VideoToolBox_HardEncodeTests.m in Sources */ = {isa = PBXBuildFile; fileRef = ABE3F4321DDF405800934F81 /* CL_VideoToolBox_HardEncodeTests.m */; };
		ABE3F43E1DDF405800934F81 /* CL_VideoToolBox_HardEncodeUITests.m in Sources */ = {isa = PBXBuildFile; fileRef = ABE3F43D1DDF405800934F81 /* CL_VideoToolBox_HardEncodeUITests.m */; };
		ABE3F44D1DDF416000934F81 /* H264HardEncode.m in Sources */ = {isa = PBXBuildFile; fileRef = ABE3F44C1DDF416000934F81 /* H264HardEncode.m */; };
/* End PBXBuildFile section */

/* Begin PBXContainerItemProxy section */
		ABE3F42F1DDF405800934F81 /* PBXContainerItemProxy */ = {
			isa = PBXContainerItemProxy;
			containerPortal = ABE3F40D1DDF405800934F81 /* Project object */;
			proxyType = 1;
			remoteGlobalIDString = ABE3F4141DDF405800934F81;
			remoteInfo = "CL-VideoToolBox-HardEncode";
		};
		ABE3F43A1DDF405800934F81 /* PBXContainerItemProxy */ = {
			isa = PBXContainerItemProxy;
			containerPortal = ABE3F40D1DDF405800934F81 /* Project object */;
			proxyType = 1;
			remoteGlobalIDString = ABE3F4141DDF405800934F81;
			remoteInfo = "CL-VideoToolBox-HardEncode";
		};
/* End PBXContainerItemProxy section */

/* Begin PBXFileReference section */
		ABE3F4151DDF405800934F81 /* CL-VideoToolBox-HardEncode.app */ = {isa = PBXFileReference; explicitFileType = wrapper.application; includeInIndex = 0; path = "CL-VideoToolBox-HardEncode.app"; sourceTree = BUILT_PRODUCTS_DIR; };
		ABE3F4191DDF405800934F81 /* main.m */ = {isa = PBXFileReference; lastKnownFileType = sourcecode.c.objc; path = main.m; sourceTree = "<group>"; };
		ABE3F41B1DDF405800934F81 /* AppDelegate.h */ = {isa = PBXFileReference; lastKnownFileType = sourcecode.c.h; path = AppDelegate.h; sourceTree = "<group>"; };
		ABE3F41C1DDF405800934F81 /* AppDelegate.m */ = {isa = PBXFileReference; lastKnownFileType = sourcecode.c.objc; path = AppDelegate.m; sourceTree = "<group>"; };
		ABE3F41E1DDF405800934F81 /* ViewController.h */ = {isa = PBXFileReference; lastKnownFileType = sourcecode.c.h; path = ViewController.h; sourceTree = "<group>"; };
		ABE3F41F1DDF405800934F81 /* ViewController.m */ = {isa = PBXFileReference; lastKnownFileType = sourcecode.c.objc; path = ViewController.m; sourceTree = "<group>"; };
		ABE3F4221DDF405800934F81 /* Base */ = {isa = PBXFileReference; lastKnownFileType = file.storyboard; name = Base; path = Base.lproj/Main.storyboard; sourceTree = "<group>"; };
		ABE3F4241DDF405800934F81 /* Assets.xcassets */ = {isa = PBXFileReference; lastKnownFileType = folder.assetcatalog; path = Assets.xcassets; sourceTree = "<group>"; };
		ABE3F4271DDF405800934F81 /* Base */ = {isa = PBXFileReference; lastKnownFileType = file.storyboard; name = Base; path = Base.lproj/LaunchScreen.storyboard; sourceTree = "<group>"; };
		ABE3F4291DDF405800934F81 /* Info.plist */ = {isa = PBXFileReference; lastKnownFileType = text.plist.xml; path = Info.plist; sourceTree = "<group>"; };
		ABE3F42E1DDF405800934F81 /* CL-VideoToolBox-HardEncodeTests.xctest */ = {isa = PBXFileReference; explicitFileType = wrapper.cfbundle; includeInIndex = 0; path = "CL-VideoToolBox-HardEncodeTests.xctest"; sourceTree = BUILT_PRODUCTS_DIR; };
		ABE3F4321DDF405800934F81 /* CL_VideoToolBox_HardEncodeTests.m */ = {isa = PBXFileReference; lastKnownFileType = sourcecode.c.objc; path = CL_VideoToolBox_HardEncodeTests.m; sourceTree = "<group>"; };
		ABE3F4341DDF405800934F81 /* Info.plist */ = {isa = PBXFileReference; lastKnownFileType = text.plist.xml; path = Info.plist; sourceTree = "<group>"; };
		ABE3F4391DDF405800934F81 /* CL-VideoToolBox-HardEncodeUITests.xctest */ = {isa = PBXFileReference; explicitFileType = wrapper.cfbundle; includeInIndex = 0; path = "CL-VideoToolBox-HardEncodeUITests.xctest"; sourceTree = BUILT_PRODUCTS_DIR; };
		ABE3F43D1DDF405800934F81 /* CL_VideoToolBox_HardEncodeUITests.m */ = {isa = PBXFileReference; lastKnownFileType = sourcecode.c.objc; path = CL_VideoToolBox_HardEncodeUITests.m; sourceTree = "<group>"; };
		ABE3F43F1DDF405800934F81 /* Info.plist */ = {isa = PBXFileReference; lastKnownFileType = text.plist.xml; path = Info.plist; sourceTree = "<group>"; };
		ABE3F44B1DDF416000934F81 /* H264HardEncode.h */ = {isa = PBXFileReference; fileEncoding = 4; lastKnownFileType = sourcecode.c.h; path = H264HardEncode.h; sourceTree = "<group>"; };
		ABE3F44C1DDF416000934F81 /* H264HardEncode.m */ = {isa = PBXFileReference; fileEncoding = 4; lastKnownFileType = sourcecode.c.objc; path = H264HardEncode.m; sourceTree = "<group>"; };
/* End PBXFileReference section */

/* Begin PBXFrameworksBuildPhase section */
		ABE3F4121DDF405800934F81 /* Frameworks */ = {
			isa = PBXFrameworksBuildPhase;
			buildActionMask = 2147483647;
			files = (
			);
			runOnlyForDeploymentPostprocessing = 0;
		};
		ABE3F42B1DDF405800934F81 /* Frameworks */ = {
			isa = PBXFrameworksBuildPhase;
			buildActionMask = 2147483647;
			files = (
			);
			runOnlyForDeploymentPostprocessing = 0;
		};
		ABE3F4361DDF405800934F81 /* Frameworks */ = {
			isa = PBXFrameworksBuildPhase;
			buildActionMask = 2147483647;
			files = (
			);
			runOnlyForDeploymentPostprocessing = 0;
		};
/* End PBXFrameworksBuildPhase section */

/* Begin PBXGroup section */
		ABE3F40C1DDF405800934F81 = {
			isa = PBXGroup;
			children = (
				ABE3F4171DDF405800934F81 /* CL-VideoToolBox-HardEncode */,
				ABE3F4311DDF405800934F81 /* CL-VideoToolBox-HardEncodeTests */,
				ABE3F43C1DDF405800934F81 /* CL-VideoToolBox-HardEncodeUITests */,
				ABE3F4161DDF405800934F81 /* Products */,
			);
			sourceTree = "<group>";
		};
		ABE3F4161DDF405800934F81 /* Products */ = {
			isa = PBXGroup;
			children = (
				ABE3F4151DDF405800934F81 /* CL-VideoToolBox-HardEncode.app */,
				ABE3F42E1DDF405800934F81 /* CL-VideoToolBox-HardEncodeTests.xctest */,
				ABE3F4391DDF405800934F81 /* CL-VideoToolBox-HardEncodeUITests.xctest */,
			);
			name = Products;
			sourceTree = "<group>";
		};
		ABE3F4171DDF405800934F81 /* CL-VideoToolBox-HardEncode */ = {
			isa = PBXGroup;
			children = (
				ABE3F41B1DDF405800934F81 /* AppDelegate.h */,
				ABE3F41C1DDF405800934F81 /* AppDelegate.m */,
				ABE3F41E1DDF405800934F81 /* ViewController.h */,
				ABE3F41F1DDF405800934F81 /* ViewController.m */,
				ABE3F4211DDF405800934F81 /* Main.storyboard */,
				ABE3F4241DDF405800934F81 /* Assets.xcassets */,
				ABE3F4261DDF405800934F81 /* LaunchScreen.storyboard */,
				ABE3F4291DDF405800934F81 /* Info.plist */,
				ABE3F4181DDF405800934F81 /* Supporting Files */,
				ABE3F44B1DDF416000934F81 /* H264HardEncode.h */,
				ABE3F44C1DDF416000934F81 /* H264HardEncode.m */,
			);
			path = "CL-VideoToolBox-HardEncode";
			sourceTree = "<group>";
		};
		ABE3F4181DDF405800934F81 /* Supporting Files */ = {
			isa = PBXGroup;
			children = (
				ABE3F4191DDF405800934F81 /* main.m */,
			);
			name = "Supporting Files";
			sourceTree = "<group>";
		};
		ABE3F4311DDF405800934F81 /* CL-VideoToolBox-HardEncodeTests */ = {
			isa = PBXGroup;
			children = (
				ABE3F4321DDF405800934F81 /* CL_VideoToolBox_HardEncodeTests.m */,
				ABE3F4341DDF405800934F81 /* Info.plist */,
			);
			path = "CL-VideoToolBox-HardEncodeTests";
			sourceTree = "<group>";
		};
		ABE3F43C1DDF405800934F81 /* CL-VideoToolBox-HardEncodeUITests */ = {
			isa = PBXGroup;
			children = (
				ABE3F43D1DDF405800934F81 /* CL_VideoToolBox_HardEncodeUITests.m */,
				ABE3F43F1DDF405800934F81 /* Info.plist */,
			);
			path = "CL-VideoToolBox-HardEncodeUITests";
			sourceTree = "<group>";
		};
/* End PBXGroup section */

/* Begin PBXNativeTarget section */
		ABE3F4141DDF405800934F81 /* CL-VideoToolBox-HardEncode */ = {
			isa = PBXNativeTarget;
			buildConfigurationList = ABE3F4421DDF405800934F81 /* Build configuration list for PBXNativeTarget "CL-VideoToolBox-HardEncode" */;
			buildPhases = (
				ABE3F4111DDF405800934F81 /* Sources */,
				ABE3F4121DDF405800934F81 /* Frameworks */,
				ABE3F4131DDF405800934F81 /* Resources */,
			);
			buildRules = (
			);
			dependencies = (
			);
			name = "CL-VideoToolBox-HardEncode";
			productName = "CL-VideoToolBox-HardEncode";
			productReference = ABE3F4151DDF405800934F81 /* CL-VideoToolBox-HardEncode.app */;
			productType = "com.apple.product-type.application";
		};
		ABE3F42D1DDF405800934F81 /* CL-VideoToolBox-HardEncodeTests */ = {
			isa = PBXNativeTarget;
			buildConfigurationList = ABE3F4451DDF405800934F81 /* Build configuration list for PBXNativeTarget "CL-VideoToolBox-HardEncodeTests" */;
			buildPhases = (
				ABE3F42A1DDF405800934F81 /* Sources */,
				ABE3F42B1DDF405800934F81 /* Frameworks */,
				ABE3F42C1DDF405800934F81 /* Resources */,
			);
			buildRules = (
			);
			dependencies = (
				ABE3F4301DDF405800934F81 /* PBXTargetDependency */,
			);
			name = "CL-VideoToolBox-HardEncodeTests";
			productName = "CL-VideoToolBox-HardEncodeTests";
			productReference = ABE3F42E1DDF405800934F81 /* CL-VideoToolBox-HardEncodeTests.xctest */;
			productType = "com.apple.product-type.bundle.unit-test";
		};
		ABE3F4381DDF405800934F81 /* CL-VideoToolBox-HardEncodeUITests */ = {
			isa = PBXNativeTarget;
			buildConfigurationList = ABE3F4481DDF405800934F81 /* Build configuration list for PBXNativeTarget "CL-VideoToolBox-HardEncodeUITests" */;
			buildPhases = (
				ABE3F4351DDF405800934F81 /* Sources */,
				ABE3F4361DDF405800934F81 /* Frameworks */,
				ABE3F4371DDF405800934F81 /* Resources */,
			);
			buildRules = (
			);
			dependencies = (
				ABE3F43B1DDF405800934F81 /* PBXTargetDependency */,
			);
			name = "CL-VideoToolBox-HardEncodeUITests";
			productName = "CL-VideoToolBox-HardEncodeUITests";
			productReference = ABE3F4391DDF405800934F81 /* CL-VideoToolBox-HardEncodeUITests.xctest */;
			productType = "com.apple.product-type.bundle.ui-testing";
		};
/* End PBXNativeTarget section */

/* Begin PBXProject section */
		ABE3F40D1DDF405800934F81 /* Project object */ = {
			isa = PBXProject;
			attributes = {
				LastUpgradeCheck = 0800;
				ORGANIZATIONNAME = "陈龙";
				TargetAttributes = {
					ABE3F4141DDF405800934F81 = {
						CreatedOnToolsVersion = 8.0;
						DevelopmentTeam = 745MTD3TZ6;
						ProvisioningStyle = Automatic;
					};
					ABE3F42D1DDF405800934F81 = {
						CreatedOnToolsVersion = 8.0;
						ProvisioningStyle = Automatic;
						TestTargetID = ABE3F4141DDF405800934F81;
					};
					ABE3F4381DDF405800934F81 = {
						CreatedOnToolsVersion = 8.0;
						ProvisioningStyle = Automatic;
						TestTargetID = ABE3F4141DDF405800934F81;
					};
				};
			};
			buildConfigurationList = ABE3F4101DDF405800934F81 /* Build configuration list for PBXProject "CL-VideoToolBox-HardEncode" */;
			compatibilityVersion = "Xcode 3.2";
			developmentRegion = English;
			hasScannedForEncodings = 0;
			knownRegions = (
				en,
				Base,
			);
			mainGroup = ABE3F40C1DDF405800934F81;
			productRefGroup = ABE3F4161DDF405800934F81 /* Products */;
			projectDirPath = "";
			projectRoot = "";
			targets = (
				ABE3F4141DDF405800934F81 /* CL-VideoToolBox-HardEncode */,
				ABE3F42D1DDF405800934F81 /* CL-VideoToolBox-HardEncodeTests */,
				ABE3F4381DDF405800934F81 /* CL-VideoToolBox-HardEncodeUITests */,
			);
		};
/* End PBXProject section */

/* Begin PBXResourcesBuildPhase section */
		ABE3F4131DDF405800934F81 /* Resources */ = {
			isa = PBXResourcesBuildPhase;
			buildActionMask = 2147483647;
			files = (
				ABE3F4281DDF405800934F81 /* LaunchScreen.storyboard in Resources */,
				ABE3F4251DDF405800934F81 /* Assets.xcassets in Resources */,
				ABE3F4231DDF405800934F81 /* Main.storyboard in Resources */,
			);
			runOnlyForDeploymentPostprocessing = 0;
		};
		ABE3F42C1DDF405800934F81 /* Resources */ = {
			isa = PBXResourcesBuildPhase;
			buildActionMask = 2147483647;
			files = (
			);
			runOnlyForDeploymentPostprocessing = 0;
		};
		ABE3F4371DDF405800934F81 /* Resources */ = {
			isa = PBXResourcesBuildPhase;
			buildActionMask = 2147483647;
			files = (
			);
			runOnlyForDeploymentPostprocessing = 0;
		};
/* End PBXResourcesBuildPhase section */

/* Begin PBXSourcesBuildPhase section */
		ABE3F4111DDF405800934F81 /* Sources */ = {
			isa = PBXSourcesBuildPhase;
			buildActionMask = 2147483647;
			files = (
				ABE3F4201DDF405800934F81 /* ViewController.m in Sources */,
				ABE3F41D1DDF405800934F81 /* AppDelegate.m in Sources */,
				ABE3F41A1DDF405800934F81 /* main.m in Sources */,
				ABE3F44D1DDF416000934F81 /* H264HardEncode.m in Sources */,
			);
			runOnlyForDeploymentPostprocessing = 0;
		};
		ABE3F42A1DDF405800934F81 /* Sources */ = {
			isa = PBXSourcesBuildPhase;
			buildActionMask = 2147483647;
			files = (
				ABE3F4331DDF405800934F81 /* CL_VideoToolBox_HardEncodeTests.m in Sources */,
			);
			runOnlyForDeploymentPostprocessing = 0;
		};
		ABE3F4351DDF405800934F81 /* Sources */ = {
			isa = PBXSourcesBuildPhase;
			buildActionMask = 2147483647;
			files = (
				ABE3F43E1DDF405800934F81 /* CL_VideoToolBox_HardEncodeUITests.m in Sources */,
			);
			runOnlyForDeploymentPostprocessing = 0;
		};
/* End PBXSourcesBuildPhase section */

/* Begin PBXTargetDependency section */
		ABE3F4301DDF405800934F81 /* PBXTargetDependency */ = {
			isa = PBXTargetDependency;
			target = ABE3F4141DDF405800934F81 /* CL-VideoToolBox-HardEncode */;
			targetProxy = ABE3F42F1DDF405800934F81 /* PBXContainerItemProxy */;
		};
		ABE3F43B1DDF405800934F81 /* PBXTargetDependency */ = {
			isa = PBXTargetDependency;
			target = ABE3F4141DDF405800934F81 /* CL-VideoToolBox-HardEncode */;
			targetProxy = ABE3F43A1DDF405800934F81 /* PBXContainerItemProxy */;
		};
/* End PBXTargetDependency section */

/* Begin PBXVariantGroup section */
		ABE3F4211DDF405800934F81 /* Main.storyboard */ = {
			isa = PBXVariantGroup;
			children = (
				ABE3F4221DDF405800934F81 /* Base */,
			);
			name = Main.storyboard;
			sourceTree = "<group>";
		};
		ABE3F4261DDF405800934F81 /* LaunchScreen.storyboard */ = {
			isa = PBXVariantGroup;
			children = (
				ABE3F4271DDF405800934F81 /* Base */,
			);
			name = LaunchScreen.storyboard;
			sourceTree = "<group>";
		};
/* End PBXVariantGroup section */

/* Begin XCBuildConfiguration section */
		ABE3F4401DDF405800934F81 /* Debug */ = {
			isa = XCBuildConfiguration;
			buildSettings = {
				ALWAYS_SEARCH_USER_PATHS = NO;
				CLANG_ANALYZER_NONNULL = YES;
				CLANG_CXX_LANGUAGE_STANDARD = "gnu++0x";
				CLANG_CXX_LIBRARY = "libc++";
				CLANG_ENABLE_MODULES = YES;
				CLANG_ENABLE_OBJC_ARC = YES;
				CLANG_WARN_BOOL_CONVERSION = YES;
				CLANG_WARN_CONSTANT_CONVERSION = YES;
				CLANG_WARN_DIRECT_OBJC_ISA_USAGE = YES_ERROR;
				CLANG_WARN_DOCUMENTATION_COMMENTS = YES;
				CLANG_WARN_EMPTY_BODY = YES;
				CLANG_WARN_ENUM_CONVERSION = YES;
				CLANG_WARN_INFINITE_RECURSION = YES;
				CLANG_WARN_INT_CONVERSION = YES;
				CLANG_WARN_OBJC_ROOT_CLASS = YES_ERROR;
				CLANG_WARN_SUSPICIOUS_MOVES = YES;
				CLANG_WARN_UNREACHABLE_CODE = YES;
				CLANG_WARN__DUPLICATE_METHOD_MATCH = YES;
				"CODE_SIGN_IDENTITY[sdk=iphoneos*]" = "iPhone Developer";
				COPY_PHASE_STRIP = NO;
				DEBUG_INFORMATION_FORMAT = dwarf;
				ENABLE_STRICT_OBJC_MSGSEND = YES;
				ENABLE_TESTABILITY = YES;
				GCC_C_LANGUAGE_STANDARD = gnu99;
				GCC_DYNAMIC_NO_PIC = NO;
				GCC_NO_COMMON_BLOCKS = YES;
				GCC_OPTIMIZATION_LEVEL = 0;
				GCC_PREPROCESSOR_DEFINITIONS = (
					"DEBUG=1",
					"$(inherited)",
				);
				GCC_WARN_64_TO_32_BIT_CONVERSION = YES;
				GCC_WARN_ABOUT_RETURN_TYPE = YES_ERROR;
				GCC_WARN_UNDECLARED_SELECTOR = YES;
				GCC_WARN_UNINITIALIZED_AUTOS = YES_AGGRESSIVE;
				GCC_WARN_UNUSED_FUNCTION = YES;
				GCC_WARN_UNUSED_VARIABLE = YES;
				IPHONEOS_DEPLOYMENT_TARGET = 10.0;
				MTL_ENABLE_DEBUG_INFO = YES;
				ONLY_ACTIVE_ARCH = YES;
				SDKROOT = iphoneos;
				TARGETED_DEVICE_FAMILY = "1,2";
			};
			name = Debug;
		};
		ABE3F4411DDF405800934F81 /* Release */ = {
			isa = XCBuildConfiguration;
			buildSettings = {
				ALWAYS_SEARCH_USER_PATHS = NO;
				CLANG_ANALYZER_NONNULL = YES;
				CLANG_CXX_LANGUAGE_STANDARD = "gnu++0x";
				CLANG_CXX_LIBRARY = "libc++";
				CLANG_ENABLE_MODULES = YES;
				CLANG_ENABLE_OBJC_ARC = YES;
				CLANG_WARN_BOOL_CONVERSION = YES;
				CLANG_WARN_CONSTANT_CONVERSION = YES;
				CLANG_WARN_DIRECT_OBJC_ISA_USAGE = YES_ERROR;
				CLANG_WARN_DOCUMENTATION_COMMENTS = YES;
				CLANG_WARN_EMPTY_BODY = YES;
				CLANG_WARN_ENUM_CONVERSION = YES;
				CLANG_WARN_INFINITE_RECURSION = YES;
				CLANG_WARN_INT_CONVERSION = YES;
				CLANG_WARN_OBJC_ROOT_CLASS = YES_ERROR;
				CLANG_WARN_SUSPICIOUS_MOVES = YES;
				CLANG_WARN_UNREACHABLE_CODE = YES;
				CLANG_WARN__DUPLICATE_METHOD_MATCH = YES;
				"CODE_SIGN_IDENTITY[sdk=iphoneos*]" = "iPhone Developer";
				COPY_PHASE_STRIP = NO;
				DEBUG_INFORMATION_FORMAT = "dwarf-with-dsym";
				ENABLE_NS_ASSERTIONS = NO;
				ENABLE_STRICT_OBJC_MSGSEND = YES;
				GCC_C_LANGUAGE_STANDARD = gnu99;
				GCC_NO_COMMON_BLOCKS = YES;
				GCC_WARN_64_TO_32_BIT_CONVERSION = YES;
				GCC_WARN_ABOUT_RETURN_TYPE = YES_ERROR;
				GCC_WARN_UNDECLARED_SELECTOR = YES;
				GCC_WARN_UNINITIALIZED_AUTOS = YES_AGGRESSIVE;
				GCC_WARN_UNUSED_FUNCTION = YES;
				GCC_WARN_UNUSED_VARIABLE = YES;
				IPHONEOS_DEPLOYMENT_TARGET = 10.0;
				MTL_ENABLE_DEBUG_INFO = NO;
				SDKROOT = iphoneos;
				TARGETED_DEVICE_FAMILY = "1,2";
				VALIDATE_PRODUCT = YES;
			};
			name = Release;
		};
		ABE3F4431DDF405800934F81 /* Debug */ = {
			isa = XCBuildConfiguration;
			buildSettings = {
				ASSETCATALOG_COMPILER_APPICON_NAME = AppIcon;
				DEVELOPMENT_TEAM = 745MTD3TZ6;
				INFOPLIST_FILE = "CL-VideoToolBox-HardEncode/Info.plist";
				LD_RUNPATH_SEARCH_PATHS = "$(inherited) @executable_path/Frameworks";
				PRODUCT_BUNDLE_IDENTIFIER = "com.longkuangaoba.www.CL-VideoToolBox-HardEncode";
				PRODUCT_NAME = "$(TARGET_NAME)";
			};
			name = Debug;
		};
		ABE3F4441DDF405800934F81 /* Release */ = {
			isa = XCBuildConfiguration;
			buildSettings = {
				ASSETCATALOG_COMPILER_APPICON_NAME = AppIcon;
				DEVELOPMENT_TEAM = 745MTD3TZ6;
				INFOPLIST_FILE = "CL-VideoToolBox-HardEncode/Info.plist";
				LD_RUNPATH_SEARCH_PATHS = "$(inherited) @executable_path/Frameworks";
				PRODUCT_BUNDLE_IDENTIFIER = "com.longkuangaoba.www.CL-VideoToolBox-HardEncode";
				PRODUCT_NAME = "$(TARGET_NAME)";
			};
			name = Release;
		};
		ABE3F4461DDF405800934F81 /* Debug */ = {
			isa = XCBuildConfiguration;
			buildSettings = {
				BUNDLE_LOADER = "$(TEST_HOST)";
				INFOPLIST_FILE = "CL-VideoToolBox-HardEncodeTests/Info.plist";
				LD_RUNPATH_SEARCH_PATHS = "$(inherited) @executable_path/Frameworks @loader_path/Frameworks";
				PRODUCT_BUNDLE_IDENTIFIER = "com.longkuangaoba.www.CL-VideoToolBox-HardEncodeTests";
				PRODUCT_NAME = "$(TARGET_NAME)";
				TEST_HOST = "$(BUILT_PRODUCTS_DIR)/CL-VideoToolBox-HardEncode.app/CL-VideoToolBox-HardEncode";
			};
			name = Debug;
		};
		ABE3F4471DDF405800934F81 /* Release */ = {
			isa = XCBuildConfiguration;
			buildSettings = {
				BUNDLE_LOADER = "$(TEST_HOST)";
				INFOPLIST_FILE = "CL-VideoToolBox-HardEncodeTests/Info.plist";
				LD_RUNPATH_SEARCH_PATHS = "$(inherited) @executable_path/Frameworks @loader_path/Frameworks";
				PRODUCT_BUNDLE_IDENTIFIER = "com.longkuangaoba.www.CL-VideoToolBox-HardEncodeTests";
				PRODUCT_NAME = "$(TARGET_NAME)";
				TEST_HOST = "$(BUILT_PRODUCTS_DIR)/CL-VideoToolBox-HardEncode.app/CL-VideoToolBox-HardEncode";
			};
			name = Release;
		};
		ABE3F4491DDF405800934F81 /* Debug */ = {
			isa = XCBuildConfiguration;
			buildSettings = {
				INFOPLIST_FILE = "CL-VideoToolBox-HardEncodeUITests/Info.plist";
				LD_RUNPATH_SEARCH_PATHS = "$(inherited) @executable_path/Frameworks @loader_path/Frameworks";
				PRODUCT_BUNDLE_IDENTIFIER = "com.longkuangaoba.www.CL-VideoToolBox-HardEncodeUITests";
				PRODUCT_NAME = "$(TARGET_NAME)";
				TEST_TARGET_NAME = "CL-VideoToolBox-HardEncode";
			};
			name = Debug;
		};
		ABE3F44A1DDF405800934F81 /* Release */ = {
			isa = XCBuildConfiguration;
			buildSettings = {
				INFOPLIST_FILE = "CL-VideoToolBox-HardEncodeUITests/Info.plist";
				LD_RUNPATH_SEARCH_PATHS = "$(inherited) @executable_path/Frameworks @loader_path/Frameworks";
				PRODUCT_BUNDLE_IDENTIFIER = "com.longkuangaoba.www.CL-VideoToolBox-HardEncodeUITests";
				PRODUCT_NAME = "$(TARGET_NAME)";
				TEST_TARGET_NAME = "CL-VideoToolBox-HardEncode";
			};
			name = Release;
		};
/* End XCBuildConfiguration section */

/* Begin XCConfigurationList section */
		ABE3F4101DDF405800934F81 /* Build configuration list for PBXProject "CL-VideoToolBox-HardEncode" */ = {
			isa = XCConfigurationList;
			buildConfigurations = (
				ABE3F4401DDF405800934F81 /* Debug */,
				ABE3F4411DDF405800934F81 /* Release */,
			);
			defaultConfigurationIsVisible = 0;
			defaultConfigurationName = Release;
		};
		ABE3F4421DDF405800934F81 /* Build configuration list for PBXNativeTarget "CL-VideoToolBox-HardEncode" */ = {
			isa = XCConfigurationList;
			buildConfigurations = (
				ABE3F4431DDF405800934F81 /* Debug */,
				ABE3F4441DDF405800934F81 /* Release */,
			);
			defaultConfigurationIsVisible = 0;
		};
		ABE3F4451DDF405800934F81 /* Build configuration list for PBXNativeTarget "CL-VideoToolBox-HardEncodeTests" */ = {
			isa = XCConfigurationList;
			buildConfigurations = (
				ABE3F4461DDF405800934F81 /* Debug */,
				ABE3F4471DDF405800934F81 /* Release */,
			);
			defaultConfigurationIsVisible = 0;
		};
		ABE3F4481DDF405800934F81 /* Build configuration list for PBXNativeTarget "CL-VideoToolBox-HardEncodeUITests" */ = {
			isa = XCConfigurationList;
			buildConfigurations = (
				ABE3F4491DDF405800934F81 /* Debug */,
				ABE3F44A1DDF405800934F81 /* Release */,
			);
			defaultConfigurationIsVisible = 0;
		};
/* End XCConfigurationList section */
	};
	rootObject = ABE3F40D1DDF405800934F81 /* Project object */;
}
